Microsoft Visual Studio Solution File, Format Version 12.00
# Visual Studio 2012
Project("{FAE04EC0-301F-11D3-BF4B-00C04F79EFBC}") = "BatchEditCancel", "BatchEditCancel\BatchEditCancel.csproj", "{540152D0-5566-40DB-B21C-2D76BF9A35CE}"
EndProject
Global
	GlobalSection(SolutionConfigurationPlatforms) = preSolution
		Debug|Any CPU = Debug|Any CPU
		Release|Any CPU = Release|Any CPU
	EndGlobalSection
	GlobalSection(ProjectConfigurationPlatforms) = postSolution
		{540152D0-5566-40DB-B21C-2D76BF9A35CE}.Debug|Any CPU.ActiveCfg = Debug|Any CPU
		{540152D0-5566-40DB-B21C-2D76BF9A35CE}.Debug|Any CPU.Build.0 = Debug|Any CPU
		{540152D0-5566-40DB-B21C-2D76BF9A35CE}.Release|Any CPU.ActiveCfg = Release|Any CPU
		{540152D0-5566-40DB-B21C-2D76BF9A35CE}.Release|Any CPU.Build.0 = Release|Any CPU
	EndGlobalSection
	GlobalSection(SolutionProperties) = preSolution
		HideSolutionNode = FALSE
	EndGlobalSection
EndGlobal
